github.com/StackExchange/wmi v1.2.1 h1:VIkavFPXSjcnS+O8yTq7NI32k0R5Aj+v39y29VYDOSA=
github.com/StackExchange/wmi v1.2.1/go.mod h1:rcmrprowKIVzvc+NUiLncP2uuArMWLCbu9SBzvHz7e8=
github.com/go-ole/go-ole v1.2.5 h1:t4MGB5xEDZvXI+0rMjjsfBsD7yAgp/s9ZDkL1JndXwY=
github.com/go-ole/go-ole v1.2.5/go.mod h1:pprOEPIfldk/42T2oK7lQ4v4JSDwmV0As9GaiUsvbm0=
github.com/itrs-group/cordial v0.0.0-20220614132503-59da87fc9b5f h1:L2Fgs7WAnEU6wtXXeZPC1V0Q70P+qYrF1A/H0YQ8+fc=
github.com/itrs-group/cordial v0.0.0-20220614132503-59da87fc9b5f/go.mod h1:bo4XYeD3OfvG30bFBOX0SbFV6SD2Yvk+7z59MG2Do/4=
github.com/mackerelio/go-osstat v0.2.2 h1:7jVyXGXTkQL3+6lDVUDBY+Fpo8VQPfyOkZeXxxsXX4c=
github.com/mackerelio/go-osstat v0.2.2/go.mod h1:G2A1f01HIHVRhMdS1qnigXxS6C8ahppy5lCwBrbRp0s=
golang.org/x/sys v0.0.0-20190916202348-b4ddaad3f8a3/go.mod h1:h1NjWce9XRLGQEsW7wpKNCjG9DtNlClVuFLEZdDNbEs=
golang.org/x/sys v0.0.0-20220319134239-a9b59b0215f8 h1:OH54vjqzRWmbJ62fjuhxy7AxFFgoHN0/DPc/UrL8cAs=
golang.org/x/sys v0.0.0-20220319134239-a9b59b0215f8/go.mod h1:oPkhp1MJrh7nUepCBck5+mAzfO9JrbApNNgaTdGDITg=
